// !$*UTF8*$!
{
	archiveVersion = 1;
	classes = {
	};
	objectVersion = 46;
	objects = {

/* Begin PBXBuildFile section */
		0470EC757B2EB72D6B6673E8 /* libPods-EntypoExample.a in Frameworks */ = {isa = PBXBuildFile; fileRef = 2FB2E73736FAB96D9A35B90B /* libPods-EntypoExample.a */; };
		3FBFE5331A1B3E1B009FDD4D /* main.m in Sources */ = {isa = PBXBuildFile; fileRef = 3FBFE5321A1B3E1B009FDD4D /* main.m */; };
		3FBFE5361A1B3E1B009FDD4D /* AppDelegate.m in Sources */ = {isa = PBXBuildFile; fileRef = 3FBFE5351A1B3E1B009FDD4D /* AppDelegate.m */; };
		3FBFE5391A1B3E1B009FDD4D /* ViewController.m in Sources */ = {isa = PBXBuildFile; fileRef = 3FBFE5381A1B3E1B009FDD4D /* ViewController.m */; };
		3FBFE53C1A1B3E1B009FDD4D /* Main.storyboard in Resources */ = {isa = PBXBuildFile; fileRef = 3FBFE53A1A1B3E1B009FDD4D /* Main.storyboard */; };
		3FBFE53E1A1B3E1B009FDD4D /* Images.xcassets in Resources */ = {isa = PBXBuildFile; fileRef = 3FBFE53D1A1B3E1B009FDD4D /* Images.xcassets */; };
		3FBFE5411A1B3E1B009FDD4D /* LaunchScreen.xib in Resources */ = {isa = PBXBuildFile; fileRef = 3FBFE53F1A1B3E1B009FDD4D /* LaunchScreen.xib */; };
		3FBFE54D1A1B3E1C009FDD4D /* EntypoExampleTests.m in Sources */ = {isa = PBXBuildFile; fileRef = 3FBFE54C1A1B3E1C009FDD4D /* EntypoExampleTests.m */; };
/* End PBXBuildFile section */

/* Begin PBXContainerItemProxy section */
		3FBFE5471A1B3E1C009FDD4D /* PBXContainerItemProxy */ = {
			isa = PBXContainerItemProxy;
			containerPortal = 3FBFE5251A1B3E1B009FDD4D /* Project object */;
			proxyType = 1;
			remoteGlobalIDString = 3FBFE52C1A1B3E1B009FDD4D;
			remoteInfo = EntypoExample;
		};
/* End PBXContainerItemProxy section */

/* Begin PBXFileReference section */
		2FB2E73736FAB96D9A35B90B /* libPods-EntypoExample.a */ = {isa = PBXFileReference; explicitFileType = archive.ar; includeInIndex = 0; path = "libPods-EntypoExample.a"; sourceTree = BUILT_PRODUCTS_DIR; };
		3FBFE52D1A1B3E1B009FDD4D /* EntypoExample.app */ = {isa = PBXFileReference; explicitFileType = wrapper.application; includeInIndex = 0; path = EntypoExample.app; sourceTree = BUILT_PRODUCTS_DIR; };
		3FBFE5311A1B3E1B009FDD4D /* Info.plist */ = {isa = PBXFileReference; lastKnownFileType = text.plist.xml; path = Info.plist; sourceTree = "<group>"; };
		3FBFE5321A1B3E1B009FDD4D /* main.m */ = {isa = PBXFileReference; lastKnownFileType = sourcecode.c.objc; path = main.m; sourceTree = "<group>"; };
		3FBFE5341A1B3E1B009FDD4D /* AppDelegate.h */ = {isa = PBXFileReference; lastKnownFileType = sourcecode.c.h; path = AppDelegate.h; sourceTree = "<group>"; };
		3FBFE5351A1B3E1B009FDD4D /* AppDelegate.m */ = {isa = PBXFileReference; lastKnownFileType = sourcecode.c.objc; path = AppDelegate.m; sourceTree = "<group>"; };
		3FBFE5371A1B3E1B009FDD4D /* ViewController.h */ = {isa = PBXFileReference; lastKnownFileType = sourcecode.c.h; path = ViewController.h; sourceTree = "<group>"; };
		3FBFE5381A1B3E1B009FDD4D /* ViewController.m */ = {isa = PBXFileReference; lastKnownFileType = sourcecode.c.objc; path = ViewController.m; sourceTree = "<group>"; };
		3FBFE53B1A1B3E1B009FDD4D /* Base */ = {isa = PBXFileReference; lastKnownFileType = file.storyboard; name = Base; path = Base.lproj/Main.storyboard; sourceTree = "<group>"; };
		3FBFE53D1A1B3E1B009FDD4D /* Images.xcassets */ = {isa = PBXFileReference; lastKnownFileType = folder.assetcatalog; path = Images.xcassets; sourceTree = "<group>"; };
		3FBFE5401A1B3E1B009FDD4D /* Base */ = {isa = PBXFileReference; lastKnownFileType = file.xib; name = Base; path = Base.lproj/LaunchScreen.xib; sourceTree = "<group>"; };
		3FBFE5461A1B3E1C009FDD4D /* EntypoExampleTests.xctest */ = {isa = PBXFileReference; explicitFileType = wrapper.cfbundle; includeInIndex = 0; path = EntypoExampleTests.xctest; sourceTree = BUILT_PRODUCTS_DIR; };
		3FBFE54B1A1B3E1C009FDD4D /* Info.plist */ = {isa = PBXFileReference; lastKnownFileType = text.plist.xml; path = Info.plist; sourceTree = "<group>"; };
		3FBFE54C1A1B3E1C009FDD4D /* EntypoExampleTests.m */ = {isa = PBXFileReference; lastKnownFileType = sourcecode.c.objc; path = EntypoExampleTests.m; sourceTree = "<group>"; };
		883B00B4FE53A70959AC8894 /* Pods-EntypoExample.release.xcconfig */ = {isa = PBXFileReference; includeInIndex = 1; lastKnownFileType = text.xcconfig; name = "Pods-EntypoExample.release.xcconfig"; path = "Pods/Target Support Files/Pods-EntypoExample/Pods-EntypoExample.release.xcconfig"; sourceTree = "<group>"; };
		B965ED4BB7086BFCDD510CFC /* Pods-EntypoExample.debug.xcconfig */ = {isa = PBXFileReference; includeInIndex = 1; lastKnownFileType = text.xcconfig; name = "Pods-EntypoExample.debug.xcconfig"; path = "Pods/Target Support Files/Pods-EntypoExample/Pods-EntypoExample.debug.xcconfig"; sourceTree = "<group>"; };
/* End PBXFileReference section */

/* Begin PBXFrameworksBuildPhase section */
		3FBFE52A1A1B3E1B009FDD4D /* Frameworks */ = {
			isa = PBXFrameworksBuildPhase;
			buildActionMask = 2147483647;
			files = (
				0470EC757B2EB72D6B6673E8 /* libPods-EntypoExample.a in Frameworks */,
			);
			runOnlyForDeploymentPostprocessing = 0;
		};
		3FBFE5431A1B3E1C009FDD4D /* Frameworks */ = {
			isa = PBXFrameworksBuildPhase;
			buildActionMask = 2147483647;
			files = (
			);
			runOnlyForDeploymentPostprocessing = 0;
		};
/* End PBXFrameworksBuildPhase section */

/* Begin PBXGroup section */
		3FBFE5241A1B3E1B009FDD4D = {
			isa = PBXGroup;
			children = (
				3FBFE52F1A1B3E1B009FDD4D /* EntypoExample */,
				3FBFE5491A1B3E1C009FDD4D /* EntypoExampleTests */,
				3FBFE52E1A1B3E1B009FDD4D /* Products */,
				D3B0E3CC5E58F637AE014CC4 /* Pods */,
				556354380AB4CF91EB84F93D /* Frameworks */,
			);
			sourceTree = "<group>";
		};
		3FBFE52E1A1B3E1B009FDD4D /* Products */ = {
			isa = PBXGroup;
			children = (
				3FBFE52D1A1B3E1B009FDD4D /* EntypoExample.app */,
				3FBFE5461A1B3E1C009FDD4D /* EntypoExampleTests.xctest */,
			);
			name = Products;
			sourceTree = "<group>";
		};
		3FBFE52F1A1B3E1B009FDD4D /* EntypoExample */ = {
			isa = PBXGroup;
			children = (
				3FBFE5341A1B3E1B009FDD4D /* AppDelegate.h */,
				3FBFE5351A1B3E1B009FDD4D /* AppDelegate.m */,
				3FBFE5371A1B3E1B009FDD4D /* ViewController.h */,
				3FBFE5381A1B3E1B009FDD4D /* ViewController.m */,
				3FBFE53A1A1B3E1B009FDD4D /* Main.storyboard */,
				3FBFE53D1A1B3E1B009FDD4D /* Images.xcassets */,
				3FBFE53F1A1B3E1B009FDD4D /* LaunchScreen.xib */,
				3FBFE5301A1B3E1B009FDD4D /* Supporting Files */,
			);
			path = EntypoExample;
			sourceTree = "<group>";
		};
		3FBFE5301A1B3E1B009FDD4D /* Supporting Files */ = {
			isa = PBXGroup;
			children = (
				3FBFE5311A1B3E1B009FDD4D /* Info.plist */,
				3FBFE5321A1B3E1B009FDD4D /* main.m */,
			);
			name = "Supporting Files";
			sourceTree = "<group>";
		};
		3FBFE5491A1B3E1C009FDD4D /* EntypoExampleTests */ = {
			isa = PBXGroup;
			children = (
				3FBFE54C1A1B3E1C009FDD4D /* EntypoExampleTests.m */,
				3FBFE54A1A1B3E1C009FDD4D /* Supporting Files */,
			);
			path = EntypoExampleTests;
			sourceTree = "<group>";
		};
		3FBFE54A1A1B3E1C009FDD4D /* Supporting Files */ = {
			isa = PBXGroup;
			children = (
				3FBFE54B1A1B3E1C009FDD4D /* Info.plist */,
			);
			name = "Supporting Files";
			sourceTree = "<group>";
		};
		556354380AB4CF91EB84F93D /* Frameworks */ = {
			isa = PBXGroup;
			children = (
				2FB2E73736FAB96D9A35B90B /* libPods-EntypoExample.a */,
			);
			name = Frameworks;
			sourceTree = "<group>";
		};
		D3B0E3CC5E58F637AE014CC4 /* Pods */ = {
			isa = PBXGroup;
			children = (
				B965ED4BB7086BFCDD510CFC /* Pods-EntypoExample.debug.xcconfig */,
				883B00B4FE53A70959AC8894 /* Pods-EntypoExample.release.xcconfig */,
			);
			name = Pods;
			sourceTree = "<group>";
		};
/* End PBXGroup section */

/* Begin PBXNativeTarget section */
		3FBFE52C1A1B3E1B009FDD4D /* EntypoExample */ = {
			isa = PBXNativeTarget;
			buildConfigurationList = 3FBFE5501A1B3E1C009FDD4D /* Build configuration list for PBXNativeTarget "EntypoExample" */;
			buildPhases = (
				3D3BCE8BCD9B04509072F086 /* Check Pods Manifest.lock */,
				3FBFE5291A1B3E1B009FDD4D /* Sources */,
				3FBFE52A1A1B3E1B009FDD4D /* Frameworks */,
				3FBFE52B1A1B3E1B009FDD4D /* Resources */,
				28FA8DB4CC590B68FF4588C7 /* Copy Pods Resources */,
			);
			buildRules = (
			);
			dependencies = (
			);
			name = EntypoExample;
			productName = EntypoExample;
			productReference = 3FBFE52D1A1B3E1B009FDD4D /* EntypoExample.app */;
			productType = "com.apple.product-type.application";
		};
		3FBFE5451A1B3E1C009FDD4D /* EntypoExampleTests */ = {
			isa = PBXNativeTarget;
			buildConfigurationList = 3FBFE5531A1B3E1C009FDD4D /* Build configuration list for PBXNativeTarget "EntypoExampleTests" */;
			buildPhases = (
				3FBFE5421A1B3E1C009FDD4D /* Sources */,
				3FBFE5431A1B3E1C009FDD4D /* Frameworks */,
				3FBFE5441A1B3E1C009FDD4D /* Resources */,
			);
			buildRules = (
			);
			dependencies = (
				3FBFE5481A1B3E1C009FDD4D /* PBXTargetDependency */,
			);
			name = EntypoExampleTests;
			productName = EntypoExampleTests;
			productReference = 3FBFE5461A1B3E1C009FDD4D /* EntypoExampleTests.xctest */;
			productType = "com.apple.product-type.bundle.unit-test";
		};
/* End PBXNativeTarget section */

/* Begin PBXProject section */
		3FBFE5251A1B3E1B009FDD4D /* Project object */ = {
			isa = PBXProject;
			attributes = {
				LastUpgradeCheck = 0610;
				ORGANIZATIONNAME = mokagio;
				TargetAttributes = {
					3FBFE52C1A1B3E1B009FDD4D = {
						CreatedOnToolsVersion = 6.1;
					};
					3FBFE5451A1B3E1C009FDD4D = {
						CreatedOnToolsVersion = 6.1;
						TestTargetID = 3FBFE52C1A1B3E1B009FDD4D;
					};
				};
			};
			buildConfigurationList = 3FBFE5281A1B3E1B009FDD4D /* Build configuration list for PBXProject "EntypoExample" */;
			compatibilityVersion = "Xcode 3.2";
			developmentRegion = English;
			hasScannedForEncodings = 0;
			knownRegions = (
				en,
				Base,
			);
			mainGroup = 3FBFE5241A1B3E1B009FDD4D;
			productRefGroup = 3FBFE52E1A1B3E1B009FDD4D /* Products */;
			projectDirPath = "";
			projectRoot = "";
			targets = (
				3FBFE52C1A1B3E1B009FDD4D /* EntypoExample */,
				3FBFE5451A1B3E1C009FDD4D /* EntypoExampleTests */,
			);
		};
/* End PBXProject section */

/* Begin PBXResourcesBuildPhase section */
		3FBFE52B1A1B3E1B009FDD4D /* Resources */ = {
			isa = PBXResourcesBuildPhase;
			buildActionMask = 2147483647;
			files = (
				3FBFE53C1A1B3E1B009FDD4D /* Main.storyboard in Resources */,
				3FBFE5411A1B3E1B009FDD4D /* LaunchScreen.xib in Resources */,
				3FBFE53E1A1B3E1B009FDD4D /* Images.xcassets in Resources */,
			);
			runOnlyForDeploymentPostprocessing = 0;
		};
		3FBFE5441A1B3E1C009FDD4D /* Resources */ = {
			isa = PBXResourcesBuildPhase;
			buildActionMask = 2147483647;
			files = (
			);
			runOnlyForDeploymentPostprocessing = 0;
		};
/* End PBXResourcesBuildPhase section */

/* Begin PBXShellScriptBuildPhase section */
		28FA8DB4CC590B68FF4588C7 /* Copy Pods Resources */ = {
			isa = PBXShellScriptBuildPhase;
			buildActionMask = 2147483647;
			files = (
			);
			inputPaths = (
			);
			name = "Copy Pods Resources";
			outputPaths = (
			);
			runOnlyForDeploymentPostprocessing = 0;
			shellPath = /bin/sh;
			shellScript = "\"${SRCROOT}/Pods/Target Support Files/Pods-EntypoExample/Pods-EntypoExample-resources.sh\"\n";
			showEnvVarsInLog = 0;
		};
		3D3BCE8BCD9B04509072F086 /* Check Pods Manifest.lock */ = {
			isa = PBXShellScriptBuildPhase;
			buildActionMask = 2147483647;
			files = (
			);
			inputPaths = (
			);
			name = "Check Pods Manifest.lock";
			outputPaths = (
			);
			runOnlyForDeploymentPostprocessing = 0;
			shellPath = /bin/sh;
			shellScript = "diff \"${PODS_ROOT}/../Podfile.lock\" \"${PODS_ROOT}/Manifest.lock\" > /dev/null\nif [[ $? != 0 ]] ; then\n    cat << EOM\nerror: The sandbox is not in sync with the Podfile.lock. Run 'pod install' or update your CocoaPods installation.\nEOM\n    exit 1\nfi\n";
			showEnvVarsInLog = 0;
		};
/* End PBXShellScriptBuildPhase section */

/* Begin PBXSourcesBuildPhase section */
		3FBFE5291A1B3E1B009FDD4D /* Sources */ = {
			isa = PBXSourcesBuildPhase;
			buildActionMask = 2147483647;
			files = (
				3FBFE5391A1B3E1B009FDD4D /* ViewController.m in Sources */,
				3FBFE5361A1B3E1B009FDD4D /* AppDelegate.m in Sources */,
				3FBFE5331A1B3E1B009FDD4D /* main.m in Sources */,
			);
			runOnlyForDeploymentPostprocessing = 0;
		};
		3FBFE5421A1B3E1C009FDD4D /* Sources */ = {
			isa = PBXSourcesBuildPhase;
			buildActionMask = 2147483647;
			files = (
				3FBFE54D1A1B3E1C009FDD4D /* EntypoExampleTests.m in Sources */,
			);
			runOnlyForDeploymentPostprocessing = 0;
		};
/* End PBXSourcesBuildPhase section */

/* Begin PBXTargetDependency section */
		3FBFE5481A1B3E1C009FDD4D /* PBXTargetDependency */ = {
			isa = PBXTargetDependency;
			target = 3FBFE52C1A1B3E1B009FDD4D /* EntypoExample */;
			targetProxy = 3FBFE5471A1B3E1C009FDD4D /* PBXContainerItemProxy */;
		};
/* End PBXTargetDependency section */

/* Begin PBXVariantGroup section */
		3FBFE53A1A1B3E1B009FDD4D /* Main.storyboard */ = {
			isa = PBXVariantGroup;
			children = (
				3FBFE53B1A1B3E1B009FDD4D /* Base */,
			);
			name = Main.storyboard;
			sourceTree = "<group>";
		};
		3FBFE53F1A1B3E1B009FDD4D /* LaunchScreen.xib */ = {
			isa = PBXVariantGroup;
			children = (
				3FBFE5401A1B3E1B009FDD4D /* Base */,
			);
			name = LaunchScreen.xib;
			sourceTree = "<group>";
		};
/* End PBXVariantGroup section */

/* Begin XCBuildConfiguration section */
		3FBFE54E1A1B3E1C009FDD4D /* Debug */ = {
			isa = XCBuildConfiguration;
			buildSettings = {
				ALWAYS_SEARCH_USER_PATHS = NO;
				CLANG_CXX_LANGUAGE_STANDARD = "gnu++0x";
				CLANG_CXX_LIBRARY = "libc++";
				CLANG_ENABLE_MODULES = YES;
				CLANG_ENABLE_OBJC_ARC = YES;
				CLANG_WARN_BOOL_CONVERSION = YES;
				CLANG_WARN_CONSTANT_CONVERSION = YES;
				CLANG_WARN_DIRECT_OBJC_ISA_USAGE = YES_ERROR;
				CLANG_WARN_EMPTY_BODY = YES;
				CLANG_WARN_ENUM_CONVERSION = YES;
				CLANG_WARN_INT_CONVERSION = YES;
				CLANG_WARN_OBJC_ROOT_CLASS = YES_ERROR;
				CLANG_WARN_UNREACHABLE_CODE = YES;
				CLANG_WARN__DUPLICATE_METHOD_MATCH = YES;
				"CODE_SIGN_IDENTITY[sdk=iphoneos*]" = "iPhone Developer";
				COPY_PHASE_STRIP = NO;
				ENABLE_STRICT_OBJC_MSGSEND = YES;
				GCC_C_LANGUAGE_STANDARD = gnu99;
				GCC_DYNAMIC_NO_PIC = NO;
				GCC_OPTIMIZATION_LEVEL = 0;
				GCC_PREPROCESSOR_DEFINITIONS = (
					"DEBUG=1",
					"$(inherited)",
				);
				GCC_SYMBOLS_PRIVATE_EXTERN = NO;
				GCC_WARN_64_TO_32_BIT_CONVERSION = YES;
				GCC_WARN_ABOUT_RETURN_TYPE = YES_ERROR;
				GCC_WARN_UNDECLARED_SELECTOR = YES;
				GCC_WARN_UNINITIALIZED_AUTOS = YES_AGGRESSIVE;
				GCC_WARN_UNUSED_FUNCTION = YES;
				GCC_WARN_UNUSED_VARIABLE = YES;
				IPHONEOS_DEPLOYMENT_TARGET = 8.1;
				MTL_ENABLE_DEBUG_INFO = YES;
				ONLY_ACTIVE_ARCH = YES;
				SDKROOT = iphoneos;
			};
			name = Debug;
		};
		3FBFE54F1A1B3E1C009FDD4D /* Release */ = {
			isa = XCBuildConfiguration;
			buildSettings = {
				ALWAYS_SEARCH_USER_PATHS = NO;
				CLANG_CXX_LANGUAGE_STANDARD = "gnu++0x";
				CLANG_CXX_LIBRARY = "libc++";
				CLANG_ENABLE_MODULES = YES;
				CLANG_ENABLE_OBJC_ARC = YES;
				CLANG_WARN_BOOL_CONVERSION = YES;
				CLANG_WARN_CONSTANT_CONVERSION = YES;
				CLANG_WARN_DIRECT_OBJC_ISA_USAGE = YES_ERROR;
				CLANG_WARN_EMPTY_BODY = YES;
				CLANG_WARN_ENUM_CONVERSION = YES;
				CLANG_WARN_INT_CONVERSION = YES;
				CLANG_WARN_OBJC_ROOT_CLASS = YES_ERROR;
				CLANG_WARN_UNREACHABLE_CODE = YES;
				CLANG_WARN__DUPLICATE_METHOD_MATCH = YES;
				"CODE_SIGN_IDENTITY[sdk=iphoneos*]" = "iPhone Developer";
				COPY_PHASE_STRIP = YES;
				ENABLE_NS_ASSERTIONS = NO;
				ENABLE_STRICT_OBJC_MSGSEND = YES;
				GCC_C_LANGUAGE_STANDARD = gnu99;
				GCC_WARN_64_TO_32_BIT_CONVERSION = YES;
				GCC_WARN_ABOUT_RETURN_TYPE = YES_ERROR;
				GCC_WARN_UNDECLARED_SELECTOR = YES;
				GCC_WARN_UNINITIALIZED_AUTOS = YES_AGGRESSIVE;
				GCC_WARN_UNUSED_FUNCTION = YES;
				GCC_WARN_UNUSED_VARIABLE = YES;
				IPHONEOS_DEPLOYMENT_TARGET = 8.1;
				MTL_ENABLE_DEBUG_INFO = NO;
				SDKROOT = iphoneos;
				VALIDATE_PRODUCT = YES;
			};
			name = Release;
		};
		3FBFE5511A1B3E1C009FDD4D /* Debug */ = {
			isa = XCBuildConfiguration;
			baseConfigurationReference = B965ED4BB7086BFCDD510CFC /* Pods-EntypoExample.debug.xcconfig */;
			buildSettings = {
				ASSETCATALOG_COMPILER_APPICON_NAME = AppIcon;
				INFOPLIST_FILE = EntypoExample/Info.plist;
				LD_RUNPATH_SEARCH_PATHS = "$(inherited) @executable_path/Frameworks";
				PRODUCT_NAME = "$(TARGET_NAME)";
			};
			name = Debug;
		};
		3FBFE5521A1B3E1C009FDD4D /* Release */ = {
			isa = XCBuildConfiguration;
			baseConfigurationReference = 883B00B4FE53A70959AC8894 /* Pods-EntypoExample.release.xcconfig */;
			buildSettings = {
				ASSETCATALOG_COMPILER_APPICON_NAME = AppIcon;
				INFOPLIST_FILE = EntypoExample/Info.plist;
				LD_RUNPATH_SEARCH_PATHS = "$(inherited) @executable_path/Frameworks";
				PRODUCT_NAME = "$(TARGET_NAME)";
			};
			name = Release;
		};
		3FBFE5541A1B3E1C009FDD4D /* Debug */ = {
			isa = XCBuildConfiguration;
			buildSettings = {
				BUNDLE_LOADER = "$(TEST_HOST)";
				FRAMEWORK_SEARCH_PATHS = (
					"$(SDKROOT)/Developer/Library/Frameworks",
					"$(inherited)",
				);
				GCC_PREPROCESSOR_DEFINITIONS = (
					"DEBUG=1",
					"$(inherited)",
				);
				INFOPLIST_FILE = EntypoExampleTests/Info.plist;
				LD_RUNPATH_SEARCH_PATHS = "$(inherited) @executable_path/Frameworks @loader_path/Frameworks";
				PRODUCT_NAME = "$(TARGET_NAME)";
				TEST_HOST = "$(BUILT_PRODUCTS_DIR)/EntypoExample.app/EntypoExample";
			};
			name = Debug;
		};
		3FBFE5551A1B3E1C009FDD4D /* Release */ = {
			isa = XCBuildConfiguration;
			buildSettings = {
				BUNDLE_LOADER = "$(TEST_HOST)";
				FRAMEWORK_SEARCH_PATHS = (
					"$(SDKROOT)/Developer/Library/Frameworks",
					"$(inherited)",
				);
				INFOPLIST_FILE = EntypoExampleTests/Info.plist;
				LD_RUNPATH_SEARCH_PATHS = "$(inherited) @executable_path/Frameworks @loader_path/Frameworks";
				PRODUCT_NAME = "$(TARGET_NAME)";
				TEST_HOST = "$(BUILT_PRODUCTS_DIR)/EntypoExample.app/EntypoExample";
			};
			name = Release;
		};
/* End XCBuildConfiguration section */

/* Begin XCConfigurationList section */
		3FBFE5281A1B3E1B009FDD4D /* Build configuration list for PBXProject "EntypoExample" */ = {
			isa = XCConfigurationList;
			buildConfigurations = (
				3FBFE54E1A1B3E1C009FDD4D /* Debug */,
				3FBFE54F1A1B3E1C009FDD4D /* Release */,
			);
			defaultConfigurationIsVisible = 0;
			defaultConfigurationName = Release;
		};
		3FBFE5501A1B3E1C009FDD4D /* Build configuration list for PBXNativeTarget "EntypoExample" */ = {
			isa = XCConfigurationList;
			buildConfigurations = (
				3FBFE5511A1B3E1C009FDD4D /* Debug */,
				3FBFE5521A1B3E1C009FDD4D /* Release */,
			);
			defaultConfigurationIsVisible = 0;
			defaultConfigurationName = Release;
		};
		3FBFE5531A1B3E1C009FDD4D /* Build configuration list for PBXNativeTarget "EntypoExampleTests" */ = {
			isa = XCConfigurationList;
			buildConfigurations = (
				3FBFE5541A1B3E1C009FDD4D /* Debug */,
				3FBFE5551A1B3E1C009FDD4D /* Release */,
			);
			defaultConfigurationIsVisible = 0;
			defaultConfigurationName = Release;
		};
/* End XCConfigurationList section */
	};
	rootObject = 3FBFE5251A1B3E1B009FDD4D /* Project object */;
}
